
Microsoft Visual Studio Solution File, Format Version 12.00
# Visual Studio 14
VisualStudioVersion = 14.0.23107.0
MinimumVisualStudioVersion = 10.0.40219.1
Project("{E24C65DC-7377-472B-9ABA-BC803B73C61A}") = "Website", "Website\", "{9FC04640-CFF8-4A8F-BBBC-5243FF142451}"
	ProjectSection(WebsiteProperties) = preProject
		TargetFrameworkMoniker = ".NETFramework,Version%3Dv4.0"
		ProjectReferences = "{1ffc3a4f-5898-40c6-ad34-098bd6ddea22}|SBCBL.dll;{90BFB99C-3155-4B09-96AD-1CED32263508}|WebsiteLibrary.dll;"
		Debug.AspNetCompiler.VirtualPath = "/Website"
		Debug.AspNetCompiler.PhysicalPath = "Website\"
		Debug.AspNetCompiler.TargetPath = "PrecompiledWeb\Website\"
		Debug.AspNetCompiler.Updateable = "true"
		Debug.AspNetCompiler.ForceOverwrite = "true"
		Debug.AspNetCompiler.FixedNames = "false"
		Debug.AspNetCompiler.Debug = "True"
		Release.AspNetCompiler.VirtualPath = "/Website"
		Release.AspNetCompiler.PhysicalPath = "Website\"
		Release.AspNetCompiler.TargetPath = "PrecompiledWeb\Website\"
		Release.AspNetCompiler.Updateable = "true"
		Release.AspNetCompiler.ForceOverwrite = "true"
		Release.AspNetCompiler.FixedNames = "false"
		Release.AspNetCompiler.Debug = "False"
		VWDPort = "63972"
		VWDVirtualPath = "/"
		SlnRelativePath = "Website\"
	EndProjectSection
EndProject
Project("{F184B08F-C81C-45F6-A57F-5ABD9991F28F}") = "SBCBL", "SBCBL\SBCBL.vbproj", "{1FFC3A4F-5898-40C6-AD34-098BD6DDEA22}"
EndProject
Project("{F184B08F-C81C-45F6-A57F-5ABD9991F28F}") = "WebsiteLibrary", "WebsiteLibrary\WebsiteLibrary.vbproj", "{90BFB99C-3155-4B09-96AD-1CED32263508}"
EndProject
Global
	GlobalSection(SolutionConfigurationPlatforms) = preSolution
		Debug|.NET = Debug|.NET
		Debug|Any CPU = Debug|Any CPU
		Debug|Mixed Platforms = Debug|Mixed Platforms
		Release|.NET = Release|.NET
		Release|Any CPU = Release|Any CPU
		Release|Mixed Platforms = Release|Mixed Platforms
	EndGlobalSection
	GlobalSection(ProjectConfigurationPlatforms) = postSolution
		{9FC04640-CFF8-4A8F-BBBC-5243FF142451}.Debug|.NET.ActiveCfg = Debug|Any CPU
		{9FC04640-CFF8-4A8F-BBBC-5243FF142451}.Debug|Any CPU.ActiveCfg = Debug|Any CPU
		{9FC04640-CFF8-4A8F-BBBC-5243FF142451}.Debug|Any CPU.Build.0 = Debug|Any CPU
		{9FC04640-CFF8-4A8F-BBBC-5243FF142451}.Debug|Mixed Platforms.ActiveCfg = Debug|Any CPU
		{9FC04640-CFF8-4A8F-BBBC-5243FF142451}.Debug|Mixed Platforms.Build.0 = Debug|Any CPU
		{9FC04640-CFF8-4A8F-BBBC-5243FF142451}.Release|.NET.ActiveCfg = Debug|Any CPU
		{9FC04640-CFF8-4A8F-BBBC-5243FF142451}.Release|Any CPU.ActiveCfg = Debug|Any CPU
		{9FC04640-CFF8-4A8F-BBBC-5243FF142451}.Release|Any CPU.Build.0 = Debug|Any CPU
		{9FC04640-CFF8-4A8F-BBBC-5243FF142451}.Release|Mixed Platforms.ActiveCfg = Debug|Any CPU
		{9FC04640-CFF8-4A8F-BBBC-5243FF142451}.Release|Mixed Platforms.Build.0 = Debug|Any CPU
		{1FFC3A4F-5898-40C6-AD34-098BD6DDEA22}.Debug|.NET.ActiveCfg = Debug|Any CPU
		{1FFC3A4F-5898-40C6-AD34-098BD6DDEA22}.Debug|Any CPU.ActiveCfg = Debug|Any CPU
		{1FFC3A4F-5898-40C6-AD34-098BD6DDEA22}.Debug|Any CPU.Build.0 = Debug|Any CPU
		{1FFC3A4F-5898-40C6-AD34-098BD6DDEA22}.Debug|Mixed Platforms.ActiveCfg = Debug|Any CPU
		{1FFC3A4F-5898-40C6-AD34-098BD6DDEA22}.Debug|Mixed Platforms.Build.0 = Debug|Any CPU
		{1FFC3A4F-5898-40C6-AD34-098BD6DDEA22}.Release|.NET.ActiveCfg = Release|Any CPU
		{1FFC3A4F-5898-40C6-AD34-098BD6DDEA22}.Release|Any CPU.ActiveCfg = Release|Any CPU
		{1FFC3A4F-5898-40C6-AD34-098BD6DDEA22}.Release|Any CPU.Build.0 = Release|Any CPU
		{1FFC3A4F-5898-40C6-AD34-098BD6DDEA22}.Release|Mixed Platforms.ActiveCfg = Release|Any CPU
		{1FFC3A4F-5898-40C6-AD34-098BD6DDEA22}.Release|Mixed Platforms.Build.0 = Release|Any CPU
		{90BFB99C-3155-4B09-96AD-1CED32263508}.Debug|.NET.ActiveCfg = Debug|Any CPU
		{90BFB99C-3155-4B09-96AD-1CED32263508}.Debug|Any CPU.ActiveCfg = Debug|Any CPU
		{90BFB99C-3155-4B09-96AD-1CED32263508}.Debug|Any CPU.Build.0 = Debug|Any CPU
		{90BFB99C-3155-4B09-96AD-1CED32263508}.Debug|Mixed Platforms.ActiveCfg = Debug|Any CPU
		{90BFB99C-3155-4B09-96AD-1CED32263508}.Debug|Mixed Platforms.Build.0 = Debug|Any CPU
		{90BFB99C-3155-4B09-96AD-1CED32263508}.Release|.NET.ActiveCfg = Release|Any CPU
		{90BFB99C-3155-4B09-96AD-1CED32263508}.Release|Any CPU.ActiveCfg = Release|Any CPU
		{90BFB99C-3155-4B09-96AD-1CED32263508}.Release|Any CPU.Build.0 = Release|Any CPU
		{90BFB99C-3155-4B09-96AD-1CED32263508}.Release|Mixed Platforms.ActiveCfg = Release|Any CPU
		{90BFB99C-3155-4B09-96AD-1CED32263508}.Release|Mixed Platforms.Build.0 = Release|Any CPU
	EndGlobalSection
	GlobalSection(SolutionProperties) = preSolution
		HideSolutionNode = FALSE
	EndGlobalSection
EndGlobal
